
Microsoft Visual Studio Solution File, Format Version 12.00
# Visual Studio 15
VisualStudioVersion = 15.0.28307.1525
MinimumVisualStudioVersion = 10.0.40219.1
Project("{FAE04EC0-301F-11D3-BF4B-00C04F79EFBC}") = "EFMedidores", "EFMedidores\EFMedidores.csproj", "{5D6574EE-4632-4E26-B850-F2CCE01FB407}"
EndProject
Project("{FAE04EC0-301F-11D3-BF4B-00C04F79EFBC}") = "MedidoresDatos", "MedidoresDatos\MedidoresDatos.csproj", "{09D3434C-261D-4540-A4FB-58C1C96A2456}"
EndProject
Global
	GlobalSection(SolutionConfigurationPlatforms) = preSolution
		Debug|Any CPU = Debug|Any CPU
		Release|Any CPU = Release|Any CPU
	EndGlobalSection
	GlobalSection(ProjectConfigurationPlatforms) = postSolution
		{5D6574EE-4632-4E26-B850-F2CCE01FB407}.Debug|Any CPU.ActiveCfg = Debug|Any CPU
		{5D6574EE-4632-4E26-B850-F2CCE01FB407}.Debug|Any CPU.Build.0 = Debug|Any CPU
		{5D6574EE-4632-4E26-B850-F2CCE01FB407}.Release|Any CPU.ActiveCfg = Release|Any CPU
		{5D6574EE-4632-4E26-B850-F2CCE01FB407}.Release|Any CPU.Build.0 = Release|Any CPU
		{09D3434C-261D-4540-A4FB-58C1C96A2456}.Debug|Any CPU.ActiveCfg = Debug|Any CPU
		{09D3434C-261D-4540-A4FB-58C1C96A2456}.Debug|Any CPU.Build.0 = Debug|Any CPU
		{09D3434C-261D-4540-A4FB-58C1C96A2456}.Release|Any CPU.ActiveCfg = Release|Any CPU
		{09D3434C-261D-4540-A4FB-58C1C96A2456}.Release|Any CPU.Build.0 = Release|Any CPU
	EndGlobalSection
	GlobalSection(SolutionProperties) = preSolution
		HideSolutionNode = FALSE
	EndGlobalSection
	GlobalSection(ExtensibilityGlobals) = postSolution
		SolutionGuid = {2F284D42-698C-4D1C-982A-473C56166479}
	EndGlobalSection
EndGlobal
